
Microsoft Visual Studio Solution File, Format Version 12.00
# Visual Studio Version 16
VisualStudioVersion = 16.0.30104.148
MinimumVisualStudioVersion = 10.0.40219.1
Project("{FAE04EC0-301F-11D3-BF4B-00C04F79EFBC}") = "WindowsFormsApp1", "WindowsFormsApp1\WindowsFormsApp1.csproj", "{14B5B185-1C1A-4B8B-867D-CF369DCA84D2}"
EndProject
Global
	GlobalSection(SolutionConfigurationPlatforms) = preSolution
		Debug|Any CPU = Debug|Any CPU
		Release|Any CPU = Release|Any CPU
	EndGlobalSection
	GlobalSection(ProjectConfigurationPlatforms) = postSolution
		{14B5B185-1C1A-4B8B-867D-CF369DCA84D2}.Debug|Any CPU.ActiveCfg = Debug|Any CPU
		{14B5B185-1C1A-4B8B-867D-CF369DCA84D2}.Debug|Any CPU.Build.0 = Debug|Any CPU
		{14B5B185-1C1A-4B8B-867D-CF369DCA84D2}.Release|Any CPU.ActiveCfg = Release|Any CPU
		{14B5B185-1C1A-4B8B-867D-CF369DCA84D2}.Release|Any CPU.Build.0 = Release|Any CPU
	EndGlobalSection
	GlobalSection(SolutionProperties) = preSolution
		HideSolutionNode = FALSE
	EndGlobalSection
	GlobalSection(ExtensibilityGlobals) = postSolution
		SolutionGuid = {88EE8949-DFEC-4D95-8F2E-7D7727488537}
	EndGlobalSection
EndGlobal
